{
  "name": "@litert/redis",
  "version": "1.0.2",
  "lockfileVersion": 1,
  "requires": true,
  "dependencies": {
    "@litert/observable": {
      "version": "0.1.0",
      "resolved": "https://registry.npmjs.org/@litert/observable/-/observable-0.1.0.tgz",
      "integrity": "sha512-f99R/LMOgyKmHT10hX1fDJ/CwvuItzcbbcaM7w5MAMjmQgDoXiIl/Zxi9YGK6GlpQh6Tzn3CQzgnprPBP5Q+yQ==",
      "requires": {
        "@litert/core": "^1.0.3"
      },
      "dependencies": {
        "@litert/core": {
          "version": "1.0.7",
          "resolved": "https://registry.npmjs.org/@litert/core/-/core-1.0.7.tgz",
          "integrity": "sha512-5UFhy/LvKnf2MSAvFxgZi/r+G1Y/OKZ4BH57Wy4YedAdUn7MInwbOkYHVQQw2HvLl7j3wPWynBSQKPEprM3R1Q=="
        }
      }
    }
  }
}
